
Microsoft Visual Studio Solution File, Format Version 12.00
# Visual Studio 15
VisualStudioVersion = 15.0.28307.960
MinimumVisualStudioVersion = 10.0.40219.1
Project("{FAE04EC0-301F-11D3-BF4B-00C04F79EFBC}") = "ShopBridgeApp", "ShopBridgeApp\ShopBridgeApp.csproj", "{32F6C217-FAE9-487F-9E50-8D7B382C2D47}"
EndProject
Project("{FAE04EC0-301F-11D3-BF4B-00C04F79EFBC}") = "ShopBridgeApp.Tests", "ShopBridgeApp.Tests\ShopBridgeApp.Tests.csproj", "{05A5BC92-E625-4231-9580-836E68ECD9D1}"
EndProject
Global
	GlobalSection(SolutionConfigurationPlatforms) = preSolution
		Debug|Any CPU = Debug|Any CPU
		Release|Any CPU = Release|Any CPU
	EndGlobalSection
	GlobalSection(ProjectConfigurationPlatforms) = postSolution
		{32F6C217-FAE9-487F-9E50-8D7B382C2D47}.Debug|Any CPU.ActiveCfg = Debug|Any CPU
		{32F6C217-FAE9-487F-9E50-8D7B382C2D47}.Debug|Any CPU.Build.0 = Debug|Any CPU
		{32F6C217-FAE9-487F-9E50-8D7B382C2D47}.Release|Any CPU.ActiveCfg = Release|Any CPU
		{32F6C217-FAE9-487F-9E50-8D7B382C2D47}.Release|Any CPU.Build.0 = Release|Any CPU
		{05A5BC92-E625-4231-9580-836E68ECD9D1}.Debug|Any CPU.ActiveCfg = Debug|Any CPU
		{05A5BC92-E625-4231-9580-836E68ECD9D1}.Debug|Any CPU.Build.0 = Debug|Any CPU
		{05A5BC92-E625-4231-9580-836E68ECD9D1}.Release|Any CPU.ActiveCfg = Release|Any CPU
		{05A5BC92-E625-4231-9580-836E68ECD9D1}.Release|Any CPU.Build.0 = Release|Any CPU
	EndGlobalSection
	GlobalSection(SolutionProperties) = preSolution
		HideSolutionNode = FALSE
	EndGlobalSection
	GlobalSection(ExtensibilityGlobals) = postSolution
		SolutionGuid = {F680A338-DC0D-410B-838C-0B1B0346A703}
	EndGlobalSection
EndGlobal
